// !$*UTF8*$!
{
	archiveVersion = 1;
	classes = {
	};
	objectVersion = 46;
	objects = {

/* Begin PBXBuildFile section */
		1D3623260D0F684500981E51 /* ProkopeAppDelegate.m in Sources */ = {isa = PBXBuildFile; fileRef = 1D3623250D0F684500981E51 /* ProkopeAppDelegate.m */; };
		1D60589B0D05DD56006BFB54 /* main.m in Sources */ = {isa = PBXBuildFile; fileRef = 29B97316FDCFA39411CA2CEA /* main.m */; };
		1D60589F0D05DD5A006BFB54 /* Foundation.framework in Frameworks */ = {isa = PBXBuildFile; fileRef = 1D30AB110D05D00D00671497 /* Foundation.framework */; };
		1DF5F4E00D08C38300B7A737 /* UIKit.framework in Frameworks */ = {isa = PBXBuildFile; fileRef = 1DF5F4DF0D08C38300B7A737 /* UIKit.framework */; };
		288765A50DF7441C002DB57D /* CoreGraphics.framework in Frameworks */ = {isa = PBXBuildFile; fileRef = 288765A40DF7441C002DB57D /* CoreGraphics.framework */; };
		2899E5220DE3E06400AC0155 /* ProkopeViewController.xib in Resources */ = {isa = PBXBuildFile; fileRef = 2899E5210DE3E06400AC0155 /* ProkopeViewController.xib */; };
		28AD733F0D9D9553002E5188 /* MainWindow.xib in Resources */ = {isa = PBXBuildFile; fileRef = 28AD733E0D9D9553002E5188 /* MainWindow.xib */; };
		28D7ACF80DDB3853001CB0EB /* ProkopeViewController.m in Sources */ = {isa = PBXBuildFile; fileRef = 28D7ACF70DDB3853001CB0EB /* ProkopeViewController.m */; };
		473349661381A73A003F323B /* WebViewController.m in Sources */ = {isa = PBXBuildFile; fileRef = 473349641381A73A003F323B /* WebViewController.m */; };
		473349671381A73A003F323B /* WebViewController.xib in Resources */ = {isa = PBXBuildFile; fileRef = 473349651381A73A003F323B /* WebViewController.xib */; };
		474766C31388AC94004FEFB2 /* DocumentViewerDelegate.m in Sources */ = {isa = PBXBuildFile; fileRef = 474766C21388AC94004FEFB2 /* DocumentViewerDelegate.m */; };
		478B7174137A174600163956 /* README in Resources */ = {isa = PBXBuildFile; fileRef = 478B7173137A174600163956 /* README */; };
		47B06D1F1379EC67008BFF61 /* DocumentController.m in Sources */ = {isa = PBXBuildFile; fileRef = 47B06D1D1379EC67008BFF61 /* DocumentController.m */; };
		47B06D201379EC67008BFF61 /* DocumentController.xib in Resources */ = {isa = PBXBuildFile; fileRef = 47B06D1E1379EC67008BFF61 /* DocumentController.xib */; };
		944D1141138AF36100DEF8B2 /* SecondNavigation.m in Sources */ = {isa = PBXBuildFile; fileRef = 944D113F138AF36100DEF8B2 /* SecondNavigation.m */; };
		944D1142138AF36100DEF8B2 /* SecondNavigation.xib in Resources */ = {isa = PBXBuildFile; fileRef = 944D1140138AF36100DEF8B2 /* SecondNavigation.xib */; };
		949E80D71395B1BC0069CE08 /* ThirdNavigation.m in Sources */ = {isa = PBXBuildFile; fileRef = 949E80D51395B1BC0069CE08 /* ThirdNavigation.m */; };
		949E80D81395B1BC0069CE08 /* ThirdNavigation.xib in Resources */ = {isa = PBXBuildFile; fileRef = 949E80D61395B1BC0069CE08 /* ThirdNavigation.xib */; };
		949E81E91395C9760069CE08 /* Author.m in Sources */ = {isa = PBXBuildFile; fileRef = 949E81E81395C9760069CE08 /* Author.m */; };
		949E81F31395CA180069CE08 /* Work.m in Sources */ = {isa = PBXBuildFile; fileRef = 949E81F21395CA180069CE08 /* Work.m */; };
		949E826C1395CCC40069CE08 /* Authors.xml in Resources */ = {isa = PBXBuildFile; fileRef = 949E826B1395CCC40069CE08 /* Authors.xml */; };
/* End PBXBuildFile section */

/* Begin PBXFileReference section */
		1D30AB110D05D00D00671497 /* Foundation.framework */ = {isa = PBXFileReference; lastKnownFileType = wrapper.framework; name = Foundation.framework; path = System/Library/Frameworks/Foundation.framework; sourceTree = SDKROOT; };
		1D3623240D0F684500981E51 /* ProkopeAppDelegate.h */ = {isa = PBXFileReference; fileEncoding = 4; lastKnownFileType = sourcecode.c.h; path = ProkopeAppDelegate.h; sourceTree = "<group>"; };
		1D3623250D0F684500981E51 /* ProkopeAppDelegate.m */ = {isa = PBXFileReference; fileEncoding = 4; lastKnownFileType = sourcecode.c.objc; path = ProkopeAppDelegate.m; sourceTree = "<group>"; };
		1D6058910D05DD3D006BFB54 /* Prokope.app */ = {isa = PBXFileReference; explicitFileType = wrapper.application; includeInIndex = 0; path = Prokope.app; sourceTree = BUILT_PRODUCTS_DIR; };
		1DF5F4DF0D08C38300B7A737 /* UIKit.framework */ = {isa = PBXFileReference; lastKnownFileType = wrapper.framework; name = UIKit.framework; path = System/Library/Frameworks/UIKit.framework; sourceTree = SDKROOT; };
		288765A40DF7441C002DB57D /* CoreGraphics.framework */ = {isa = PBXFileReference; lastKnownFileType = wrapper.framework; name = CoreGraphics.framework; path = System/Library/Frameworks/CoreGraphics.framework; sourceTree = SDKROOT; };
		2899E5210DE3E06400AC0155 /* ProkopeViewController.xib */ = {isa = PBXFileReference; lastKnownFileType = file.xib; path = ProkopeViewController.xib; sourceTree = "<group>"; };
		28AD733E0D9D9553002E5188 /* MainWindow.xib */ = {isa = PBXFileReference; lastKnownFileType = file.xib; path = MainWindow.xib; sourceTree = "<group>"; };
		28D7ACF60DDB3853001CB0EB /* ProkopeViewController.h */ = {isa = PBXFileReference; fileEncoding = 4; lastKnownFileType = sourcecode.c.h; path = ProkopeViewController.h; sourceTree = "<group>"; };
		28D7ACF70DDB3853001CB0EB /* ProkopeViewController.m */ = {isa = PBXFileReference; fileEncoding = 4; lastKnownFileType = sourcecode.c.objc; path = ProkopeViewController.m; sourceTree = "<group>"; };
		29B97316FDCFA39411CA2CEA /* main.m */ = {isa = PBXFileReference; fileEncoding = 4; lastKnownFileType = sourcecode.c.objc; path = main.m; sourceTree = "<group>"; };
		32CA4F630368D1EE00C91783 /* Prokope_Prefix.pch */ = {isa = PBXFileReference; fileEncoding = 4; lastKnownFileType = sourcecode.c.h; path = Prokope_Prefix.pch; sourceTree = "<group>"; };
		473349631381A73A003F323B /* WebViewController.h */ = {isa = PBXFileReference; fileEncoding = 4; lastKnownFileType = sourcecode.c.h; path = WebViewController.h; sourceTree = "<group>"; };
		473349641381A73A003F323B /* WebViewController.m */ = {isa = PBXFileReference; fileEncoding = 4; lastKnownFileType = sourcecode.c.objc; path = WebViewController.m; sourceTree = "<group>"; };
		473349651381A73A003F323B /* WebViewController.xib */ = {isa = PBXFileReference; lastKnownFileType = file.xib; name = WebViewController.xib; path = Classes/WebViewController.xib; sourceTree = "<group>"; };
		474766C11388AC94004FEFB2 /* DocumentViewerDelegate.h */ = {isa = PBXFileReference; fileEncoding = 4; lastKnownFileType = sourcecode.c.h; path = DocumentViewerDelegate.h; sourceTree = "<group>"; };
		474766C21388AC94004FEFB2 /* DocumentViewerDelegate.m */ = {isa = PBXFileReference; fileEncoding = 4; lastKnownFileType = sourcecode.c.objc; path = DocumentViewerDelegate.m; sourceTree = "<group>"; };
		478B7173137A174600163956 /* README */ = {isa = PBXFileReference; fileEncoding = 4; lastKnownFileType = text; path = README; sourceTree = "<group>"; };
		47B06D1C1379EC67008BFF61 /* DocumentController.h */ = {isa = PBXFileReference; fileEncoding = 4; lastKnownFileType = sourcecode.c.h; name = DocumentController.h; path = ../DocumentController.h; sourceTree = "<group>"; };
		47B06D1D1379EC67008BFF61 /* DocumentController.m */ = {isa = PBXFileReference; fileEncoding = 4; lastKnownFileType = sourcecode.c.objc; name = DocumentController.m; path = ../DocumentController.m; sourceTree = "<group>"; };
		47B06D1E1379EC67008BFF61 /* DocumentController.xib */ = {isa = PBXFileReference; lastKnownFileType = file.xib; path = DocumentController.xib; sourceTree = "<group>"; };
		8D1107310486CEB800E47090 /* Prokope-Info.plist */ = {isa = PBXFileReference; fileEncoding = 4; lastKnownFileType = text.plist.xml; path = "Prokope-Info.plist"; plistStructureDefinitionIdentifier = "com.apple.xcode.plist.structure-definition.iphone.info-plist"; sourceTree = "<group>"; };
		944D113E138AF36100DEF8B2 /* SecondNavigation.h */ = {isa = PBXFileReference; fileEncoding = 4; lastKnownFileType = sourcecode.c.h; path = SecondNavigation.h; sourceTree = "<group>"; };
		944D113F138AF36100DEF8B2 /* SecondNavigation.m */ = {isa = PBXFileReference; fileEncoding = 4; lastKnownFileType = sourcecode.c.objc; path = SecondNavigation.m; sourceTree = "<group>"; };
		944D1140138AF36100DEF8B2 /* SecondNavigation.xib */ = {isa = PBXFileReference; lastKnownFileType = file.xib; name = SecondNavigation.xib; path = Classes/SecondNavigation.xib; sourceTree = "<group>"; };
		949E80D41395B1BC0069CE08 /* ThirdNavigation.h */ = {isa = PBXFileReference; fileEncoding = 4; lastKnownFileType = sourcecode.c.h; path = ThirdNavigation.h; sourceTree = "<group>"; };
		949E80D51395B1BC0069CE08 /* ThirdNavigation.m */ = {isa = PBXFileReference; fileEncoding = 4; lastKnownFileType = sourcecode.c.objc; path = ThirdNavigation.m; sourceTree = "<group>"; };
		949E80D61395B1BC0069CE08 /* ThirdNavigation.xib */ = {isa = PBXFileReference; lastKnownFileType = file.xib; name = ThirdNavigation.xib; path = Classes/ThirdNavigation.xib; sourceTree = "<group>"; };
		949E81E71395C9760069CE08 /* Author.h */ = {isa = PBXFileReference; explicitFileType = sourcecode.c.h; fileEncoding = 4; name = Author.h; path = ../Author.h; sourceTree = "<group>"; };
		949E81E81395C9760069CE08 /* Author.m */ = {isa = PBXFileReference; fileEncoding = 4; lastKnownFileType = sourcecode.c.objc; name = Author.m; path = ../Author.m; sourceTree = "<group>"; };
		949E81F11395CA180069CE08 /* Work.h */ = {isa = PBXFileReference; fileEncoding = 4; lastKnownFileType = sourcecode.c.h; path = Work.h; sourceTree = "<group>"; };
		949E81F21395CA180069CE08 /* Work.m */ = {isa = PBXFileReference; fileEncoding = 4; lastKnownFileType = sourcecode.c.objc; path = Work.m; sourceTree = "<group>"; };
		949E826B1395CCC40069CE08 /* Authors.xml */ = {isa = PBXFileReference; fileEncoding = 4; lastKnownFileType = text.xml; path = Authors.xml; sourceTree = "<group>"; };
/* End PBXFileReference section */

/* Begin PBXFrameworksBuildPhase section */
		1D60588F0D05DD3D006BFB54 /* Frameworks */ = {
			isa = PBXFrameworksBuildPhase;
			buildActionMask = 2147483647;
			files = (
				1D60589F0D05DD5A006BFB54 /* Foundation.framework in Frameworks */,
				1DF5F4E00D08C38300B7A737 /* UIKit.framework in Frameworks */,
				288765A50DF7441C002DB57D /* CoreGraphics.framework in Frameworks */,
			);
			runOnlyForDeploymentPostprocessing = 0;
		};
/* End PBXFrameworksBuildPhase section */

/* Begin PBXGroup section */
		080E96DDFE201D6D7F000001 /* Classes */ = {
			isa = PBXGroup;
			children = (
				1D3623240D0F684500981E51 /* ProkopeAppDelegate.h */,
				1D3623250D0F684500981E51 /* ProkopeAppDelegate.m */,
				28D7ACF60DDB3853001CB0EB /* ProkopeViewController.h */,
				28D7ACF70DDB3853001CB0EB /* ProkopeViewController.m */,
				944D113E138AF36100DEF8B2 /* SecondNavigation.h */,
				944D113F138AF36100DEF8B2 /* SecondNavigation.m */,
				949E80D41395B1BC0069CE08 /* ThirdNavigation.h */,
				949E80D51395B1BC0069CE08 /* ThirdNavigation.m */,
				47B06D1C1379EC67008BFF61 /* DocumentController.h */,
				47B06D1D1379EC67008BFF61 /* DocumentController.m */,
				949E81E71395C9760069CE08 /* Author.h */,
				949E81E81395C9760069CE08 /* Author.m */,
				949E81F11395CA180069CE08 /* Work.h */,
				949E81F21395CA180069CE08 /* Work.m */,
				473349631381A73A003F323B /* WebViewController.h */,
				473349641381A73A003F323B /* WebViewController.m */,
				474766C11388AC94004FEFB2 /* DocumentViewerDelegate.h */,
				474766C21388AC94004FEFB2 /* DocumentViewerDelegate.m */,
			);
			path = Classes;
			sourceTree = "<group>";
		};
		19C28FACFE9D520D11CA2CBB /* Products */ = {
			isa = PBXGroup;
			children = (
				1D6058910D05DD3D006BFB54 /* Prokope.app */,
			);
			name = Products;
			sourceTree = "<group>";
		};
		29B97314FDCFA39411CA2CEA /* CustomTemplate */ = {
			isa = PBXGroup;
			children = (
				080E96DDFE201D6D7F000001 /* Classes */,
				29B97315FDCFA39411CA2CEA /* Other Sources */,
				29B97317FDCFA39411CA2CEA /* Resources */,
				29B97323FDCFA39411CA2CEA /* Frameworks */,
				19C28FACFE9D520D11CA2CBB /* Products */,
			);
			name = CustomTemplate;
			sourceTree = "<group>";
		};
		29B97315FDCFA39411CA2CEA /* Other Sources */ = {
			isa = PBXGroup;
			children = (
				32CA4F630368D1EE00C91783 /* Prokope_Prefix.pch */,
				29B97316FDCFA39411CA2CEA /* main.m */,
			);
			name = "Other Sources";
			sourceTree = "<group>";
		};
		29B97317FDCFA39411CA2CEA /* Resources */ = {
			isa = PBXGroup;
			children = (
				478B7173137A174600163956 /* README */,
				28AD733E0D9D9553002E5188 /* MainWindow.xib */,
				2899E5210DE3E06400AC0155 /* ProkopeViewController.xib */,
				944D1140138AF36100DEF8B2 /* SecondNavigation.xib */,
				949E80D61395B1BC0069CE08 /* ThirdNavigation.xib */,
				47B06D1E1379EC67008BFF61 /* DocumentController.xib */,
				473349651381A73A003F323B /* WebViewController.xib */,
				8D1107310486CEB800E47090 /* Prokope-Info.plist */,
				949E826B1395CCC40069CE08 /* Authors.xml */,
			);
			name = Resources;
			sourceTree = "<group>";
		};
		29B97323FDCFA39411CA2CEA /* Frameworks */ = {
			isa = PBXGroup;
			children = (
				1DF5F4DF0D08C38300B7A737 /* UIKit.framework */,
				1D30AB110D05D00D00671497 /* Foundation.framework */,
				288765A40DF7441C002DB57D /* CoreGraphics.framework */,
			);
			name = Frameworks;
			sourceTree = "<group>";
		};
/* End PBXGroup section */

/* Begin PBXNativeTarget section */
		1D6058900D05DD3D006BFB54 /* Prokope */ = {
			isa = PBXNativeTarget;
			buildConfigurationList = 1D6058960D05DD3E006BFB54 /* Build configuration list for PBXNativeTarget "Prokope" */;
			buildPhases = (
				1D60588D0D05DD3D006BFB54 /* Resources */,
				1D60588E0D05DD3D006BFB54 /* Sources */,
				1D60588F0D05DD3D006BFB54 /* Frameworks */,
			);
			buildRules = (
			);
			dependencies = (
			);
			name = Prokope;
			productName = Prokope;
			productReference = 1D6058910D05DD3D006BFB54 /* Prokope.app */;
			productType = "com.apple.product-type.application";
		};
/* End PBXNativeTarget section */

/* Begin PBXProject section */
		29B97313FDCFA39411CA2CEA /* Project object */ = {
			isa = PBXProject;
			attributes = {
				ORGANIZATIONNAME = "Grand Valley State University";
			};
			buildConfigurationList = C01FCF4E08A954540054247B /* Build configuration list for PBXProject "Prokope" */;
			compatibilityVersion = "Xcode 3.2";
			developmentRegion = English;
			hasScannedForEncodings = 1;
			knownRegions = (
				English,
				Japanese,
				French,
				German,
			);
			mainGroup = 29B97314FDCFA39411CA2CEA /* CustomTemplate */;
			projectDirPath = "";
			projectRoot = "";
			targets = (
				1D6058900D05DD3D006BFB54 /* Prokope */,
			);
		};
/* End PBXProject section */

/* Begin PBXResourcesBuildPhase section */
		1D60588D0D05DD3D006BFB54 /* Resources */ = {
			isa = PBXResourcesBuildPhase;
			buildActionMask = 2147483647;
			files = (
				28AD733F0D9D9553002E5188 /* MainWindow.xib in Resources */,
				2899E5220DE3E06400AC0155 /* ProkopeViewController.xib in Resources */,
				47B06D201379EC67008BFF61 /* DocumentController.xib in Resources */,
				478B7174137A174600163956 /* README in Resources */,
				473349671381A73A003F323B /* WebViewController.xib in Resources */,
				944D1142138AF36100DEF8B2 /* SecondNavigation.xib in Resources */,
				949E80D81395B1BC0069CE08 /* ThirdNavigation.xib in Resources */,
				949E826C1395CCC40069CE08 /* Authors.xml in Resources */,
			);
			runOnlyForDeploymentPostprocessing = 0;
		};
/* End PBXResourcesBuildPhase section */

/* Begin PBXSourcesBuildPhase section */
		1D60588E0D05DD3D006BFB54 /* Sources */ = {
			isa = PBXSourcesBuildPhase;
			buildActionMask = 2147483647;
			files = (
				1D60589B0D05DD56006BFB54 /* main.m in Sources */,
				1D3623260D0F684500981E51 /* ProkopeAppDelegate.m in Sources */,
				28D7ACF80DDB3853001CB0EB /* ProkopeViewController.m in Sources */,
				47B06D1F1379EC67008BFF61 /* DocumentController.m in Sources */,
				473349661381A73A003F323B /* WebViewController.m in Sources */,
				474766C31388AC94004FEFB2 /* DocumentViewerDelegate.m in Sources */,
				944D1141138AF36100DEF8B2 /* SecondNavigation.m in Sources */,
				949E80D71395B1BC0069CE08 /* ThirdNavigation.m in Sources */,
				949E81E91395C9760069CE08 /* Author.m in Sources */,
				949E81F31395CA180069CE08 /* Work.m in Sources */,
			);
			runOnlyForDeploymentPostprocessing = 0;
		};
/* End PBXSourcesBuildPhase section */

/* Begin XCBuildConfiguration section */
		1D6058940D05DD3E006BFB54 /* Debug */ = {
			isa = XCBuildConfiguration;
			buildSettings = {
				ALWAYS_SEARCH_USER_PATHS = NO;
				COPY_PHASE_STRIP = NO;
				GCC_DYNAMIC_NO_PIC = NO;
				GCC_OPTIMIZATION_LEVEL = 0;
				GCC_PRECOMPILE_PREFIX_HEADER = YES;
				GCC_PREFIX_HEADER = Prokope_Prefix.pch;
				INFOPLIST_FILE = "Prokope-Info.plist";
				PRODUCT_NAME = Prokope;
			};
			name = Debug;
		};
		1D6058950D05DD3E006BFB54 /* Release */ = {
			isa = XCBuildConfiguration;
			buildSettings = {
				ALWAYS_SEARCH_USER_PATHS = NO;
				COPY_PHASE_STRIP = YES;
				GCC_PRECOMPILE_PREFIX_HEADER = YES;
				GCC_PREFIX_HEADER = Prokope_Prefix.pch;
				INFOPLIST_FILE = "Prokope-Info.plist";
				PRODUCT_NAME = Prokope;
				VALIDATE_PRODUCT = YES;
			};
			name = Release;
		};
		C01FCF4F08A954540054247B /* Debug */ = {
			isa = XCBuildConfiguration;
			buildSettings = {
				ARCHS = "$(ARCHS_UNIVERSAL_IPHONE_OS)";
				"CODE_SIGN_IDENTITY[sdk=iphoneos*]" = "iPhone Developer";
				GCC_C_LANGUAGE_STANDARD = c99;
				GCC_WARN_ABOUT_RETURN_TYPE = YES;
				GCC_WARN_UNUSED_VARIABLE = YES;
				PREBINDING = NO;
				SDKROOT = iphoneos;
				TARGETED_DEVICE_FAMILY = 2;
			};
			name = Debug;
		};
		C01FCF5008A954540054247B /* Release */ = {
			isa = XCBuildConfiguration;
			buildSettings = {
				ARCHS = "$(ARCHS_UNIVERSAL_IPHONE_OS)";
				"CODE_SIGN_IDENTITY[sdk=iphoneos*]" = "iPhone Developer";
				GCC_C_LANGUAGE_STANDARD = c99;
				GCC_WARN_ABOUT_RETURN_TYPE = YES;
				GCC_WARN_UNUSED_VARIABLE = YES;
				OTHER_CFLAGS = "-DNS_BLOCK_ASSERTIONS=1";
				PREBINDING = NO;
				SDKROOT = iphoneos;
				TARGETED_DEVICE_FAMILY = 2;
			};
			name = Release;
		};
/* End XCBuildConfiguration section */

/* Begin XCConfigurationList section */
		1D6058960D05DD3E006BFB54 /* Build configuration list for PBXNativeTarget "Prokope" */ = {
			isa = XCConfigurationList;
			buildConfigurations = (
				1D6058940D05DD3E006BFB54 /* Debug */,
				1D6058950D05DD3E006BFB54 /* Release */,
			);
			defaultConfigurationIsVisible = 0;
			defaultConfigurationName = Release;
		};
		C01FCF4E08A954540054247B /* Build configuration list for PBXProject "Prokope" */ = {
			isa = XCConfigurationList;
			buildConfigurations = (
				C01FCF4F08A954540054247B /* Debug */,
				C01FCF5008A954540054247B /* Release */,
			);
			defaultConfigurationIsVisible = 0;
			defaultConfigurationName = Release;
		};
/* End XCConfigurationList section */
	};
	rootObject = 29B97313FDCFA39411CA2CEA /* Project object */;
}
